# Automatically generated by espanso migration tool
# Original file: user/code.yml

matches:
  - trigger: ",."
    replace: "→ "
  - trigger: ;c
    replace: |
      <code clojure>
      $|$
      </code>
    backend: Auto
  - trigger: ";d"
    replace: |
      <code dart>
      $|$
      </code>
  - trigger: ";t"
    replace: "{{tag>$|$}}"