# Automatically generated by espanso migration tool
# Original file: user/code.yml

matches:
  - trigger: ",."
    replace: "→ "
  - trigger: ;cc
    replace: |
      <code clojure>
      $|$
      </code>
    backend: Auto
  - trigger: ";cd"
    replace: |
      <code dart>
      $|$
      </code>
  - trigger: ";cs"
    replace: |
      <code shell>
      $|$
      </code>
  - trigger: ";tag"
    replace: "{{tag>$|$}}"